{
  "originHash" : "25b1242391b04bbbbfeaaa484e3dcf0161b0ff8c4d41116aa210b7f4f67567a6",
  "pins" : [
    {
      "identity" : "appversionmonitorswiftui",
      "kind" : "remoteSourceControl",
      "location" : "https://github.com/SNQ-2001/AppVersionMonitorSwiftUI",
      "state" : {
        "revision" : "5a87c1afac5fe4b63e0cb1f7acb6cbbe2cc9e1c8",
        "version" : "0.1.1"
      }
    },
    {
      "identity" : "numberpadview",
      "kind" : "remoteSourceControl",
      "location" : "https://github.com/keeki-fami/NumberPadView",
      "state" : {
        "revision" : "066fd92de225fb43964ccd764b47b7b2458090df",
        "version" : "1.2.1"
      }
    }
  ],
  "version" : 3
}
